
Microsoft Visual Studio Solution File, Format Version 12.00
# Visual Studio Version 16
VisualStudioVersion = 16.0.32002.261
MinimumVisualStudioVersion = 10.0.40219.1
Project("{FAE04EC0-301F-11D3-BF4B-00C04F79EFBC}") = "Day 1", "AoC2018\Day 1.csproj", "{B15F6757-0449-43C1-B95E-D8BECC6BAB27}"
EndProject
Global
	GlobalSection(SolutionConfigurationPlatforms) = preSolution
		Debug|Any CPU = Debug|Any CPU
		Release|Any CPU = Release|Any CPU
	EndGlobalSection
	GlobalSection(ProjectConfigurationPlatforms) = postSolution
		{B15F6757-0449-43C1-B95E-D8BECC6BAB27}.Debug|Any CPU.ActiveCfg = Debug|Any CPU
		{B15F6757-0449-43C1-B95E-D8BECC6BAB27}.Debug|Any CPU.Build.0 = Debug|Any CPU
		{B15F6757-0449-43C1-B95E-D8BECC6BAB27}.Release|Any CPU.ActiveCfg = Release|Any CPU
		{B15F6757-0449-43C1-B95E-D8BECC6BAB27}.Release|Any CPU.Build.0 = Release|Any CPU
	EndGlobalSection
	GlobalSection(SolutionProperties) = preSolution
		HideSolutionNode = FALSE
	EndGlobalSection
	GlobalSection(ExtensibilityGlobals) = postSolution
		SolutionGuid = {D7567DBC-161D-40B2-B942-7C98A569BA65}
	EndGlobalSection
EndGlobal
